
Microsoft Visual Studio Solution File, Format Version 12.00
# Visual Studio Version 17
VisualStudioVersion = 17.13.35828.75
MinimumVisualStudioVersion = 10.0.40219.1
Project("{FAE04EC0-301F-11D3-BF4B-00C04F79EFBC}") = "Assignment_8", "Assignment_8\Assignment_8.csproj", "{E0826360-784A-73E6-132F-3EF8D9D905AE}"
EndProject
Project("{FAE04EC0-301F-11D3-BF4B-00C04F79EFBC}") = "Assignment_9", "Assignment_9\Assignment_9.csproj", "{E389A6CE-618C-AD07-E723-4F9ECE3EBB6A}"
EndProject
Global
	GlobalSection(SolutionConfigurationPlatforms) = preSolution
		Debug|Any CPU = Debug|Any CPU
		Release|Any CPU = Release|Any CPU
	EndGlobalSection
	GlobalSection(ProjectConfigurationPlatforms) = postSolution
		{E0826360-784A-73E6-132F-3EF8D9D905AE}.Debug|Any CPU.ActiveCfg = Debug|Any CPU
		{E0826360-784A-73E6-132F-3EF8D9D905AE}.Debug|Any CPU.Build.0 = Debug|Any CPU
		{E0826360-784A-73E6-132F-3EF8D9D905AE}.Release|Any CPU.ActiveCfg = Release|Any CPU
		{E0826360-784A-73E6-132F-3EF8D9D905AE}.Release|Any CPU.Build.0 = Release|Any CPU
		{E389A6CE-618C-AD07-E723-4F9ECE3EBB6A}.Debug|Any CPU.ActiveCfg = Debug|Any CPU
		{E389A6CE-618C-AD07-E723-4F9ECE3EBB6A}.Debug|Any CPU.Build.0 = Debug|Any CPU
		{E389A6CE-618C-AD07-E723-4F9ECE3EBB6A}.Release|Any CPU.ActiveCfg = Release|Any CPU
		{E389A6CE-618C-AD07-E723-4F9ECE3EBB6A}.Release|Any CPU.Build.0 = Release|Any CPU
	EndGlobalSection
	GlobalSection(SolutionProperties) = preSolution
		HideSolutionNode = FALSE
	EndGlobalSection
	GlobalSection(ExtensibilityGlobals) = postSolution
		SolutionGuid = {E102041F-6678-461D-B095-D2EF844694AC}
	EndGlobalSection
EndGlobal
