
Microsoft Visual Studio Solution File, Format Version 12.00
# Visual Studio Version 17
VisualStudioVersion = 17.13.35828.75
MinimumVisualStudioVersion = 10.0.40219.1
Project("{FAE04EC0-301F-11D3-BF4B-00C04F79EFBC}") = "Assignment_8", "Assignment_8\Assignment_8.csproj", "{E0826360-784A-73E6-132F-3EF8D9D905AE}"
EndProject
Project("{FAE04EC0-301F-11D3-BF4B-00C04F79EFBC}") = "Assignment_9", "Assignment_9\Assignment_9.csproj", "{E389A6CE-618C-AD07-E723-4F9ECE3EBB6A}"
EndProject
Project("{FAE04EC0-301F-11D3-BF4B-00C04F79EFBC}") = "Assignment_7", "..\..\Assignment_7\Assignment_7\Assignment_7.csproj", "{9873C4D0-BC0C-AA18-6CCF-D4FA7197AECE}"
EndProject
Project("{FAE04EC0-301F-11D3-BF4B-00C04F79EFBC}") = "Assignment_10", "Assignment_10\Assignment_10.csproj", "{54EAF0F2-775B-4AE1-897E-7322888B1318}"
EndProject
Project("{FAE04EC0-301F-11D3-BF4B-00C04F79EFBC}") = "Assignment_11", "Assignment_11\Assignment_11.csproj", "{97F0BCF9-7E57-4BEF-A6D2-84B9803AE6DD}"
EndProject
Project("{FAE04EC0-301F-11D3-BF4B-00C04F79EFBC}") = "Assignment_13", "Assignment_13\Assignment_13.csproj", "{E512273C-78A9-42A2-BF0C-F0D5C2F2C5A9}"
EndProject
Project("{FAE04EC0-301F-11D3-BF4B-00C04F79EFBC}") = "Assignment_17.Tests", "Assignment_17\Assignment_17.Tests.csproj", "{E77A6907-496B-4999-A083-F29C6EB6176A}"
EndProject
Project("{FAE04EC0-301F-11D3-BF4B-00C04F79EFBC}") = "Assignment_16", "Assignment_16\Assignment_16.csproj", "{64B3E2F2-9353-4899-9FAB-CEDCEACE2BBB}"
EndProject
Global
	GlobalSection(SolutionConfigurationPlatforms) = preSolution
		Debug|Any CPU = Debug|Any CPU
		Release|Any CPU = Release|Any CPU
	EndGlobalSection
	GlobalSection(ProjectConfigurationPlatforms) = postSolution
		{E0826360-784A-73E6-132F-3EF8D9D905AE}.Debug|Any CPU.ActiveCfg = Debug|Any CPU
		{E0826360-784A-73E6-132F-3EF8D9D905AE}.Debug|Any CPU.Build.0 = Debug|Any CPU
		{E0826360-784A-73E6-132F-3EF8D9D905AE}.Release|Any CPU.ActiveCfg = Release|Any CPU
		{E0826360-784A-73E6-132F-3EF8D9D905AE}.Release|Any CPU.Build.0 = Release|Any CPU
		{E389A6CE-618C-AD07-E723-4F9ECE3EBB6A}.Debug|Any CPU.ActiveCfg = Debug|Any CPU
		{E389A6CE-618C-AD07-E723-4F9ECE3EBB6A}.Debug|Any CPU.Build.0 = Debug|Any CPU
		{E389A6CE-618C-AD07-E723-4F9ECE3EBB6A}.Release|Any CPU.ActiveCfg = Release|Any CPU
		{E389A6CE-618C-AD07-E723-4F9ECE3EBB6A}.Release|Any CPU.Build.0 = Release|Any CPU
		{9873C4D0-BC0C-AA18-6CCF-D4FA7197AECE}.Debug|Any CPU.ActiveCfg = Debug|Any CPU
		{9873C4D0-BC0C-AA18-6CCF-D4FA7197AECE}.Debug|Any CPU.Build.0 = Debug|Any CPU
		{9873C4D0-BC0C-AA18-6CCF-D4FA7197AECE}.Release|Any CPU.ActiveCfg = Release|Any CPU
		{9873C4D0-BC0C-AA18-6CCF-D4FA7197AECE}.Release|Any CPU.Build.0 = Release|Any CPU
		{54EAF0F2-775B-4AE1-897E-7322888B1318}.Debug|Any CPU.ActiveCfg = Debug|Any CPU
		{54EAF0F2-775B-4AE1-897E-7322888B1318}.Debug|Any CPU.Build.0 = Debug|Any CPU
		{54EAF0F2-775B-4AE1-897E-7322888B1318}.Release|Any CPU.ActiveCfg = Release|Any CPU
		{54EAF0F2-775B-4AE1-897E-7322888B1318}.Release|Any CPU.Build.0 = Release|Any CPU
		{97F0BCF9-7E57-4BEF-A6D2-84B9803AE6DD}.Debug|Any CPU.ActiveCfg = Debug|Any CPU
		{97F0BCF9-7E57-4BEF-A6D2-84B9803AE6DD}.Debug|Any CPU.Build.0 = Debug|Any CPU
		{97F0BCF9-7E57-4BEF-A6D2-84B9803AE6DD}.Release|Any CPU.ActiveCfg = Release|Any CPU
		{97F0BCF9-7E57-4BEF-A6D2-84B9803AE6DD}.Release|Any CPU.Build.0 = Release|Any CPU
		{E512273C-78A9-42A2-BF0C-F0D5C2F2C5A9}.Debug|Any CPU.ActiveCfg = Debug|Any CPU
		{E512273C-78A9-42A2-BF0C-F0D5C2F2C5A9}.Debug|Any CPU.Build.0 = Debug|Any CPU
		{E512273C-78A9-42A2-BF0C-F0D5C2F2C5A9}.Release|Any CPU.ActiveCfg = Release|Any CPU
		{E512273C-78A9-42A2-BF0C-F0D5C2F2C5A9}.Release|Any CPU.Build.0 = Release|Any CPU
		{E77A6907-496B-4999-A083-F29C6EB6176A}.Debug|Any CPU.ActiveCfg = Debug|Any CPU
		{E77A6907-496B-4999-A083-F29C6EB6176A}.Debug|Any CPU.Build.0 = Debug|Any CPU
		{E77A6907-496B-4999-A083-F29C6EB6176A}.Release|Any CPU.ActiveCfg = Release|Any CPU
		{E77A6907-496B-4999-A083-F29C6EB6176A}.Release|Any CPU.Build.0 = Release|Any CPU
		{64B3E2F2-9353-4899-9FAB-CEDCEACE2BBB}.Debug|Any CPU.ActiveCfg = Debug|Any CPU
		{64B3E2F2-9353-4899-9FAB-CEDCEACE2BBB}.Debug|Any CPU.Build.0 = Debug|Any CPU
		{64B3E2F2-9353-4899-9FAB-CEDCEACE2BBB}.Release|Any CPU.ActiveCfg = Release|Any CPU
		{64B3E2F2-9353-4899-9FAB-CEDCEACE2BBB}.Release|Any CPU.Build.0 = Release|Any CPU
	EndGlobalSection
	GlobalSection(SolutionProperties) = preSolution
		HideSolutionNode = FALSE
	EndGlobalSection
	GlobalSection(ExtensibilityGlobals) = postSolution
		SolutionGuid = {E102041F-6678-461D-B095-D2EF844694AC}
	EndGlobalSection
EndGlobal
